{
  "name": "neercms",
  "version": "0.1.22",
  "lockfileVersion": 2,
  "requires": true,
  "packages": {
    "": {
      "name": "neercms",
      "version": "0.1.22",
      "dependencies": {
        "@angular/cdk": "^14.2.7",
        "angular-split": "^14.1.0",
        "cdk": "^2.68.0",
        "flatpickr": "^4.6.13",
        "ng2-flatpickr": "^9.0.0",
        "ngx-mask": "^14.2.4",
        "tslib": "^2.5.0",
        "vanillajs-datepicker": "^1.3.1"
      },
      "devDependencies": {
        "@types/luxon": "^3.2.0",
        "@types/vanillajs-datepicker": "^1.2.1"
      },
      "peerDependencies": {
        "@angular/animations": "^14.2.12",
        "@angular/common": "^14.2.12",
        "@angular/compiler": "^14.2.12",
        "@angular/core": "^14.2.12",
        "@angular/forms": "^14.2.12",
        "@angular/platform-browser": "^14.2.12",
        "@angular/platform-browser-dynamic": "^14.2.12",
        "@angular/router": "^14.2.12",
        "bootstrap": "^5.2.3",
        "luxon": "^3.3.0"
      }
    },
    "node_modules/@angular/animations": {
      "version": "14.2.12",
      "resolved": "https://registry.npmjs.org/@angular/animations/-/animations-14.2.12.tgz",
      "integrity": "sha512-gwdnFZkvVUr+enUNfhfCGRGGqNHn1+vTA81apLfHYhJxgjiLUtETc4KTOrQevtDm022pEd+LSrvr8r+7ag+jkw==",
      "peer": true,
      "dependencies": {
        "tslib": "^2.3.0"
      },
      "engines": {
        "node": "^14.15.0 || >=16.10.0"
      },
      "peerDependencies": {
        "@angular/core": "14.2.12"
      }
    },
    "node_modules/@angular/cdk": {
      "version": "14.2.7",
      "resolved": "https://registry.npmjs.org/@angular/cdk/-/cdk-14.2.7.tgz",
      "integrity": "sha512-/tEsYaUbDSnfEmKVvAMramIptmhI67O+9STjOV0i+74XR2NospeK0fkbywIANu1n3w6AHGMotvRWJrjmbCElFg==",
      "dependencies": {
        "tslib": "^2.3.0"
      },
      "optionalDependencies": {
        "parse5": "^5.0.0"
      },
      "peerDependencies": {
        "@angular/common": "^14.0.0 || ^15.0.0",
        "@angular/core": "^14.0.0 || ^15.0.0",
        "rxjs": "^6.5.3 || ^7.4.0"
      }
    },
    "node_modules/@angular/common": {
      "version": "14.2.12",
      "resolved": "https://registry.npmjs.org/@angular/common/-/common-14.2.12.tgz",
      "integrity": "sha512-oZunh9wfInFWhNO1P8uoEs/o4u8kerKMhw8GruywKm1TV7gHDP2Fi5WHGjFqq3XYptgBTPCTSEfyLX6Cwq1PUw==",
      "peer": true,
      "dependencies": {
        "tslib": "^2.3.0"
      },
      "engines": {
        "node": "^14.15.0 || >=16.10.0"
      },
      "peerDependencies": {
        "@angular/core": "14.2.12",
        "rxjs": "^6.5.3 || ^7.4.0"
      }
    },
    "node_modules/@angular/compiler": {
      "version": "14.2.12",
      "resolved": "https://registry.npmjs.org/@angular/compiler/-/compiler-14.2.12.tgz",
      "integrity": "sha512-u2MH9+NRwbbFDRNiPWPexed9CnCq9+pGHLuyACSP2uR6Ik68cE6cayeZbIeoEV5vWpda/XsLmJgPJysw7dAZLQ==",
      "peer": true,
      "dependencies": {
        "tslib": "^2.3.0"
      },
      "engines": {
        "node": "^14.15.0 || >=16.10.0"
      },
      "peerDependencies": {
        "@angular/core": "14.2.12"
      },
      "peerDependenciesMeta": {
        "@angular/core": {
          "optional": true
        }
      }
    },
    "node_modules/@angular/core": {
      "version": "14.2.12",
      "resolved": "https://registry.npmjs.org/@angular/core/-/core-14.2.12.tgz",
      "integrity": "sha512-sGQxU5u4uawwvJa6jOTmGoisJiQ5HIN/RoBw99CmoqZIVyUSg9IRJJC1KVdH8gbpWBNLkElZv21lwJTL/msWyg==",
      "peer": true,
      "dependencies": {
        "tslib": "^2.3.0"
      },
      "engines": {
        "node": "^14.15.0 || >=16.10.0"
      },
      "peerDependencies": {
        "rxjs": "^6.5.3 || ^7.4.0",
        "zone.js": "~0.11.4 || ~0.12.0"
      }
    },
    "node_modules/@angular/forms": {
      "version": "14.2.12",
      "resolved": "https://registry.npmjs.org/@angular/forms/-/forms-14.2.12.tgz",
      "integrity": "sha512-7abYlGIT2JnAtutQUlH3fQS6QEpbfftgvsVcZJCyvX0rXL3u2w2vUQkDHJH4YJJp3AHFVCH4/l7R4VcaPnrwvA==",
      "peer": true,
      "dependencies": {
        "tslib": "^2.3.0"
      },
      "engines": {
        "node": "^14.15.0 || >=16.10.0"
      },
      "peerDependencies": {
        "@angular/common": "14.2.12",
        "@angular/core": "14.2.12",
        "@angular/platform-browser": "14.2.12",
        "rxjs": "^6.5.3 || ^7.4.0"
      }
    },
    "node_modules/@angular/platform-browser": {
      "version": "14.2.12",
      "resolved": "https://registry.npmjs.org/@angular/platform-browser/-/platform-browser-14.2.12.tgz",
      "integrity": "sha512-vOarWym8ucl1gjYWCzdwyBha+MTvL381mvTTUu8aUx6nVhHFjv4bvpjlZnZgojecqUPyxOwmPLLHvCZPJVHZYg==",
      "peer": true,
      "dependencies": {
        "tslib": "^2.3.0"
      },
      "engines": {
        "node": "^14.15.0 || >=16.10.0"
      },
      "peerDependencies": {
        "@angular/animations": "14.2.12",
        "@angular/common": "14.2.12",
        "@angular/core": "14.2.12"
      },
      "peerDependenciesMeta": {
        "@angular/animations": {
          "optional": true
        }
      }
    },
    "node_modules/@angular/platform-browser-dynamic": {
      "version": "14.2.12",
      "resolved": "https://registry.npmjs.org/@angular/platform-browser-dynamic/-/platform-browser-dynamic-14.2.12.tgz",
      "integrity": "sha512-oZhNJeaBmgw8+KBSYpKz2RYqEDyETC+HJXH8dwIFcP6BqqwL2NE70FdSR7EnOa5c41MEtTmMCGhrJSFR60x5/w==",
      "peer": true,
      "dependencies": {
        "tslib": "^2.3.0"
      },
      "engines": {
        "node": "^14.15.0 || >=16.10.0"
      },
      "peerDependencies": {
        "@angular/common": "14.2.12",
        "@angular/compiler": "14.2.12",
        "@angular/core": "14.2.12",
        "@angular/platform-browser": "14.2.12"
      }
    },
    "node_modules/@angular/router": {
      "version": "14.2.12",
      "resolved": "https://registry.npmjs.org/@angular/router/-/router-14.2.12.tgz",
      "integrity": "sha512-r5tVus5RJDNc4U2v0jMtjPiAS1xDsVsJ70lS313DgZmBDHIVZP1cWIehdxwgNlGwQQtAA36eG7toBwqUU3gb/A==",
      "peer": true,
      "dependencies": {
        "tslib": "^2.3.0"
      },
      "engines": {
        "node": "^14.15.0 || >=16.10.0"
      },
      "peerDependencies": {
        "@angular/common": "14.2.12",
        "@angular/core": "14.2.12",
        "@angular/platform-browser": "14.2.12",
        "rxjs": "^6.5.3 || ^7.4.0"
      }
    },
    "node_modules/@popperjs/core": {
      "version": "2.11.6",
      "resolved": "https://registry.npmjs.org/@popperjs/core/-/core-2.11.6.tgz",
      "integrity": "sha512-50/17A98tWUfQ176raKiOGXuYpLyyVMkxxG6oylzL3BPOlA6ADGdK7EYunSa4I064xerltq9TGXs8HmOk5E+vw==",
      "peer": true,
      "funding": {
        "type": "opencollective",
        "url": "https://opencollective.com/popperjs"
      }
    },
    "node_modules/@types/luxon": {
      "version": "3.2.0",
      "resolved": "https://registry.npmjs.org/@types/luxon/-/luxon-3.2.0.tgz",
      "integrity": "sha512-lGmaGFoaXHuOLXFvuju2bfvZRqxAqkHPx9Y9IQdQABrinJJshJwfNCKV+u7rR3kJbiqfTF/NhOkcxxAFrObyaA==",
      "dev": true
    },
    "node_modules/@types/vanillajs-datepicker": {
      "version": "1.2.1",
      "resolved": "https://registry.npmjs.org/@types/vanillajs-datepicker/-/vanillajs-datepicker-1.2.1.tgz",
      "integrity": "sha512-j6Rk0IrhuWwztTWcO9mg/fIzVEiqYoOWITI4rGnQiLLsLiaAMqW9E06nfDCBg5HJ94yBn9S7eBFBFC9pJLaiuQ==",
      "dev": true
    },
    "node_modules/angular-split": {
      "version": "14.1.0",
      "resolved": "https://registry.npmjs.org/angular-split/-/angular-split-14.1.0.tgz",
      "integrity": "sha512-WJ7LUROpvuEy9r7/EHBO2TwrJXrHeB8PUeAWmM5gU1lCmfttAXcCGSCMMIuiCs/QNSsq8mR8rTMCvNs4Xeihfg==",
      "dependencies": {
        "tslib": "^2.0.0"
      },
      "peerDependencies": {
        "@angular/common": ">=9.0.0",
        "@angular/core": ">=9.0.0",
        "rxjs": ">=6.0.0"
      }
    },
    "node_modules/aws-cdk": {
      "version": "2.68.0",
      "resolved": "https://registry.npmjs.org/aws-cdk/-/aws-cdk-2.68.0.tgz",
      "integrity": "sha512-r+C5M4J3C7RLiixhxsO/W9Kpb5iB0mFshyn5PXT1cGPkDbx23bnWLOab03jG7uHWIWI01DCipHQyTaeXXqvT3A==",
      "bin": {
        "cdk": "bin/cdk"
      },
      "engines": {
        "node": ">= 14.15.0"
      },
      "optionalDependencies": {
        "fsevents": "2.3.2"
      }
    },
    "node_modules/bootstrap": {
      "version": "5.2.3",
      "resolved": "https://registry.npmjs.org/bootstrap/-/bootstrap-5.2.3.tgz",
      "integrity": "sha512-cEKPM+fwb3cT8NzQZYEu4HilJ3anCrWqh3CHAok1p9jXqMPsPTBhU25fBckEJHJ/p+tTxTFTsFQGM+gaHpi3QQ==",
      "funding": [
        {
          "type": "github",
          "url": "https://github.com/sponsors/twbs"
        },
        {
          "type": "opencollective",
          "url": "https://opencollective.com/bootstrap"
        }
      ],
      "peer": true,
      "peerDependencies": {
        "@popperjs/core": "^2.11.6"
      }
    },
    "node_modules/cdk": {
      "version": "2.68.0",
      "resolved": "https://registry.npmjs.org/cdk/-/cdk-2.68.0.tgz",
      "integrity": "sha512-Ggz8fTny6/djro0Bpudzx0qrM0pbrZvXTeDGhqMzw6z9KYpIfY2sTL5VPfvVhu43l171MP6FDV404GrUxQQXQQ==",
      "dependencies": {
        "aws-cdk": "2.68.0"
      },
      "bin": {
        "cdk": "bin/cdk"
      },
      "engines": {
        "node": ">= 8.10.0"
      }
    },
    "node_modules/flatpickr": {
      "version": "4.6.13",
      "resolved": "https://registry.npmjs.org/flatpickr/-/flatpickr-4.6.13.tgz",
      "integrity": "sha512-97PMG/aywoYpB4IvbvUJi0RQi8vearvU0oov1WW3k0WZPBMrTQVqekSX5CjSG/M4Q3i6A/0FKXC7RyAoAUUSPw=="
    },
    "node_modules/fsevents": {
      "version": "2.3.2",
      "resolved": "https://registry.npmjs.org/fsevents/-/fsevents-2.3.2.tgz",
      "integrity": "sha512-xiqMQR4xAeHTuB9uWm+fFRcIOgKBMiOBP+eXiyT7jsgVCq1bkVygt00oASowB7EdtpOHaaPgKt812P9ab+DDKA==",
      "hasInstallScript": true,
      "optional": true,
      "os": [
        "darwin"
      ],
      "engines": {
        "node": "^8.16.0 || ^10.6.0 || >=11.0.0"
      }
    },
    "node_modules/luxon": {
      "version": "3.3.0",
      "resolved": "https://registry.npmjs.org/luxon/-/luxon-3.3.0.tgz",
      "integrity": "sha512-An0UCfG/rSiqtAIiBPO0Y9/zAnHUZxAMiCpTd5h2smgsj7GGmcenvrvww2cqNA8/4A5ZrD1gJpHN2mIHZQF+Mg==",
      "peer": true,
      "engines": {
        "node": ">=12"
      }
    },
    "node_modules/ng2-flatpickr": {
      "version": "9.0.0",
      "resolved": "https://registry.npmjs.org/ng2-flatpickr/-/ng2-flatpickr-9.0.0.tgz",
      "integrity": "sha512-lqoiVNOj0UukHrIHiMI0+ei34IlTaDFhYLnSv1U3iAbix+nsZ8RWHWXmW0noVYwALYbUf1U4IpGOWgLb3brAiA==",
      "dependencies": {
        "tslib": "^1.9.0"
      },
      "peerDependencies": {
        "flatpickr": "^4.6.0"
      }
    },
    "node_modules/ng2-flatpickr/node_modules/tslib": {
      "version": "1.14.1",
      "resolved": "https://registry.npmjs.org/tslib/-/tslib-1.14.1.tgz",
      "integrity": "sha512-Xni35NKzjgMrwevysHTCArtLDpPvye8zV/0E4EyYn43P7/7qvQwPh9BGkHewbMulVntbigmcT7rdX3BNo9wRJg=="
    },
    "node_modules/ngx-mask": {
      "version": "14.2.4",
      "resolved": "https://registry.npmjs.org/ngx-mask/-/ngx-mask-14.2.4.tgz",
      "integrity": "sha512-158nAe2tyiZa2T8COoI6SvJCQHqpJ4+JW0amGcvVEYUBF6FIoYK66BlnOJURAOy5qry0d0N45w7J/LGsCBgZcg==",
      "dependencies": {
        "tslib": "^2.3.0"
      },
      "peerDependencies": {
        "@angular/common": ">=10.0.0",
        "@angular/core": ">=10.0.0",
        "@angular/forms": ">=10.0.0"
      }
    },
    "node_modules/parse5": {
      "version": "5.1.1",
      "resolved": "https://registry.npmjs.org/parse5/-/parse5-5.1.1.tgz",
      "integrity": "sha512-ugq4DFI0Ptb+WWjAdOK16+u/nHfiIrcE+sh8kZMaM0WllQKLI9rOUq6c2b7cwPkXdzfQESqvoqK6ug7U/Yyzug==",
      "optional": true
    },
    "node_modules/rxjs": {
      "version": "7.8.0",
      "resolved": "https://registry.npmjs.org/rxjs/-/rxjs-7.8.0.tgz",
      "integrity": "sha512-F2+gxDshqmIub1KdvZkaEfGDwLNpPvk9Fs6LD/MyQxNgMds/WH9OdDDXOmxUZpME+iSK3rQCctkL0DYyytUqMg==",
      "peer": true,
      "dependencies": {
        "tslib": "^2.1.0"
      }
    },
    "node_modules/tslib": {
      "version": "2.5.0",
      "resolved": "https://registry.npmjs.org/tslib/-/tslib-2.5.0.tgz",
      "integrity": "sha512-336iVw3rtn2BUK7ORdIAHTyxHGRIHVReokCR3XjbckJMK7ms8FysBfhLR8IXnAgy7T0PTPNBWKiH514FOW/WSg=="
    },
    "node_modules/vanillajs-datepicker": {
      "version": "1.3.1",
      "resolved": "https://registry.npmjs.org/vanillajs-datepicker/-/vanillajs-datepicker-1.3.1.tgz",
      "integrity": "sha512-LYYnXXYDw7oqnNbJleLIRXFUjrG2WYOQtU1A2u3FmW3rgzp7lNJ7DGF35CJ3/Dg1OHUh10D9XnJBfSfIKTyeng=="
    },
    "node_modules/zone.js": {
      "version": "0.12.0",
      "resolved": "https://registry.npmjs.org/zone.js/-/zone.js-0.12.0.tgz",
      "integrity": "sha512-XtC+I5dXU14HrzidAKBNMqneIVUykLEAA1x+v4KVrd6AUPWlwYORF8KgsVqvgdHiKZ4BkxxjvYi/ksEixTPR0Q==",
      "peer": true,
      "dependencies": {
        "tslib": "^2.3.0"
      }
    }
  },
  "dependencies": {
    "@angular/animations": {
      "version": "14.2.12",
      "resolved": "https://registry.npmjs.org/@angular/animations/-/animations-14.2.12.tgz",
      "integrity": "sha512-gwdnFZkvVUr+enUNfhfCGRGGqNHn1+vTA81apLfHYhJxgjiLUtETc4KTOrQevtDm022pEd+LSrvr8r+7ag+jkw==",
      "peer": true,
      "requires": {
        "tslib": "^2.3.0"
      }
    },
    "@angular/cdk": {
      "version": "14.2.7",
      "resolved": "https://registry.npmjs.org/@angular/cdk/-/cdk-14.2.7.tgz",
      "integrity": "sha512-/tEsYaUbDSnfEmKVvAMramIptmhI67O+9STjOV0i+74XR2NospeK0fkbywIANu1n3w6AHGMotvRWJrjmbCElFg==",
      "requires": {
        "parse5": "^5.0.0",
        "tslib": "^2.3.0"
      }
    },
    "@angular/common": {
      "version": "14.2.12",
      "resolved": "https://registry.npmjs.org/@angular/common/-/common-14.2.12.tgz",
      "integrity": "sha512-oZunh9wfInFWhNO1P8uoEs/o4u8kerKMhw8GruywKm1TV7gHDP2Fi5WHGjFqq3XYptgBTPCTSEfyLX6Cwq1PUw==",
      "peer": true,
      "requires": {
        "tslib": "^2.3.0"
      }
    },
    "@angular/compiler": {
      "version": "14.2.12",
      "resolved": "https://registry.npmjs.org/@angular/compiler/-/compiler-14.2.12.tgz",
      "integrity": "sha512-u2MH9+NRwbbFDRNiPWPexed9CnCq9+pGHLuyACSP2uR6Ik68cE6cayeZbIeoEV5vWpda/XsLmJgPJysw7dAZLQ==",
      "peer": true,
      "requires": {
        "tslib": "^2.3.0"
      }
    },
    "@angular/core": {
      "version": "14.2.12",
      "resolved": "https://registry.npmjs.org/@angular/core/-/core-14.2.12.tgz",
      "integrity": "sha512-sGQxU5u4uawwvJa6jOTmGoisJiQ5HIN/RoBw99CmoqZIVyUSg9IRJJC1KVdH8gbpWBNLkElZv21lwJTL/msWyg==",
      "peer": true,
      "requires": {
        "tslib": "^2.3.0"
      }
    },
    "@angular/forms": {
      "version": "14.2.12",
      "resolved": "https://registry.npmjs.org/@angular/forms/-/forms-14.2.12.tgz",
      "integrity": "sha512-7abYlGIT2JnAtutQUlH3fQS6QEpbfftgvsVcZJCyvX0rXL3u2w2vUQkDHJH4YJJp3AHFVCH4/l7R4VcaPnrwvA==",
      "peer": true,
      "requires": {
        "tslib": "^2.3.0"
      }
    },
    "@angular/platform-browser": {
      "version": "14.2.12",
      "resolved": "https://registry.npmjs.org/@angular/platform-browser/-/platform-browser-14.2.12.tgz",
      "integrity": "sha512-vOarWym8ucl1gjYWCzdwyBha+MTvL381mvTTUu8aUx6nVhHFjv4bvpjlZnZgojecqUPyxOwmPLLHvCZPJVHZYg==",
      "peer": true,
      "requires": {
        "tslib": "^2.3.0"
      }
    },
    "@angular/platform-browser-dynamic": {
      "version": "14.2.12",
      "resolved": "https://registry.npmjs.org/@angular/platform-browser-dynamic/-/platform-browser-dynamic-14.2.12.tgz",
      "integrity": "sha512-oZhNJeaBmgw8+KBSYpKz2RYqEDyETC+HJXH8dwIFcP6BqqwL2NE70FdSR7EnOa5c41MEtTmMCGhrJSFR60x5/w==",
      "peer": true,
      "requires": {
        "tslib": "^2.3.0"
      }
    },
    "@angular/router": {
      "version": "14.2.12",
      "resolved": "https://registry.npmjs.org/@angular/router/-/router-14.2.12.tgz",
      "integrity": "sha512-r5tVus5RJDNc4U2v0jMtjPiAS1xDsVsJ70lS313DgZmBDHIVZP1cWIehdxwgNlGwQQtAA36eG7toBwqUU3gb/A==",
      "peer": true,
      "requires": {
        "tslib": "^2.3.0"
      }
    },
    "@popperjs/core": {
      "version": "2.11.6",
      "resolved": "https://registry.npmjs.org/@popperjs/core/-/core-2.11.6.tgz",
      "integrity": "sha512-50/17A98tWUfQ176raKiOGXuYpLyyVMkxxG6oylzL3BPOlA6ADGdK7EYunSa4I064xerltq9TGXs8HmOk5E+vw==",
      "peer": true
    },
    "@types/luxon": {
      "version": "3.2.0",
      "resolved": "https://registry.npmjs.org/@types/luxon/-/luxon-3.2.0.tgz",
      "integrity": "sha512-lGmaGFoaXHuOLXFvuju2bfvZRqxAqkHPx9Y9IQdQABrinJJshJwfNCKV+u7rR3kJbiqfTF/NhOkcxxAFrObyaA==",
      "dev": true
    },
    "@types/vanillajs-datepicker": {
      "version": "1.2.1",
      "resolved": "https://registry.npmjs.org/@types/vanillajs-datepicker/-/vanillajs-datepicker-1.2.1.tgz",
      "integrity": "sha512-j6Rk0IrhuWwztTWcO9mg/fIzVEiqYoOWITI4rGnQiLLsLiaAMqW9E06nfDCBg5HJ94yBn9S7eBFBFC9pJLaiuQ==",
      "dev": true
    },
    "angular-split": {
      "version": "14.1.0",
      "resolved": "https://registry.npmjs.org/angular-split/-/angular-split-14.1.0.tgz",
      "integrity": "sha512-WJ7LUROpvuEy9r7/EHBO2TwrJXrHeB8PUeAWmM5gU1lCmfttAXcCGSCMMIuiCs/QNSsq8mR8rTMCvNs4Xeihfg==",
      "requires": {
        "tslib": "^2.0.0"
      }
    },
    "aws-cdk": {
      "version": "2.68.0",
      "resolved": "https://registry.npmjs.org/aws-cdk/-/aws-cdk-2.68.0.tgz",
      "integrity": "sha512-r+C5M4J3C7RLiixhxsO/W9Kpb5iB0mFshyn5PXT1cGPkDbx23bnWLOab03jG7uHWIWI01DCipHQyTaeXXqvT3A==",
      "requires": {
        "fsevents": "2.3.2"
      }
    },
    "bootstrap": {
      "version": "5.2.3",
      "resolved": "https://registry.npmjs.org/bootstrap/-/bootstrap-5.2.3.tgz",
      "integrity": "sha512-cEKPM+fwb3cT8NzQZYEu4HilJ3anCrWqh3CHAok1p9jXqMPsPTBhU25fBckEJHJ/p+tTxTFTsFQGM+gaHpi3QQ==",
      "peer": true,
      "requires": {}
    },
    "cdk": {
      "version": "2.68.0",
      "resolved": "https://registry.npmjs.org/cdk/-/cdk-2.68.0.tgz",
      "integrity": "sha512-Ggz8fTny6/djro0Bpudzx0qrM0pbrZvXTeDGhqMzw6z9KYpIfY2sTL5VPfvVhu43l171MP6FDV404GrUxQQXQQ==",
      "requires": {
        "aws-cdk": "2.68.0"
      }
    },
    "flatpickr": {
      "version": "4.6.13",
      "resolved": "https://registry.npmjs.org/flatpickr/-/flatpickr-4.6.13.tgz",
      "integrity": "sha512-97PMG/aywoYpB4IvbvUJi0RQi8vearvU0oov1WW3k0WZPBMrTQVqekSX5CjSG/M4Q3i6A/0FKXC7RyAoAUUSPw=="
    },
    "fsevents": {
      "version": "2.3.2",
      "resolved": "https://registry.npmjs.org/fsevents/-/fsevents-2.3.2.tgz",
      "integrity": "sha512-xiqMQR4xAeHTuB9uWm+fFRcIOgKBMiOBP+eXiyT7jsgVCq1bkVygt00oASowB7EdtpOHaaPgKt812P9ab+DDKA==",
      "optional": true
    },
    "luxon": {
      "version": "3.3.0",
      "resolved": "https://registry.npmjs.org/luxon/-/luxon-3.3.0.tgz",
      "integrity": "sha512-An0UCfG/rSiqtAIiBPO0Y9/zAnHUZxAMiCpTd5h2smgsj7GGmcenvrvww2cqNA8/4A5ZrD1gJpHN2mIHZQF+Mg==",
      "peer": true
    },
    "ng2-flatpickr": {
      "version": "9.0.0",
      "resolved": "https://registry.npmjs.org/ng2-flatpickr/-/ng2-flatpickr-9.0.0.tgz",
      "integrity": "sha512-lqoiVNOj0UukHrIHiMI0+ei34IlTaDFhYLnSv1U3iAbix+nsZ8RWHWXmW0noVYwALYbUf1U4IpGOWgLb3brAiA==",
      "requires": {
        "tslib": "^1.9.0"
      },
      "dependencies": {
        "tslib": {
          "version": "1.14.1",
          "resolved": "https://registry.npmjs.org/tslib/-/tslib-1.14.1.tgz",
          "integrity": "sha512-Xni35NKzjgMrwevysHTCArtLDpPvye8zV/0E4EyYn43P7/7qvQwPh9BGkHewbMulVntbigmcT7rdX3BNo9wRJg=="
        }
      }
    },
    "ngx-mask": {
      "version": "14.2.4",
      "resolved": "https://registry.npmjs.org/ngx-mask/-/ngx-mask-14.2.4.tgz",
      "integrity": "sha512-158nAe2tyiZa2T8COoI6SvJCQHqpJ4+JW0amGcvVEYUBF6FIoYK66BlnOJURAOy5qry0d0N45w7J/LGsCBgZcg==",
      "requires": {
        "tslib": "^2.3.0"
      }
    },
    "parse5": {
      "version": "5.1.1",
      "resolved": "https://registry.npmjs.org/parse5/-/parse5-5.1.1.tgz",
      "integrity": "sha512-ugq4DFI0Ptb+WWjAdOK16+u/nHfiIrcE+sh8kZMaM0WllQKLI9rOUq6c2b7cwPkXdzfQESqvoqK6ug7U/Yyzug==",
      "optional": true
    },
    "rxjs": {
      "version": "7.8.0",
      "resolved": "https://registry.npmjs.org/rxjs/-/rxjs-7.8.0.tgz",
      "integrity": "sha512-F2+gxDshqmIub1KdvZkaEfGDwLNpPvk9Fs6LD/MyQxNgMds/WH9OdDDXOmxUZpME+iSK3rQCctkL0DYyytUqMg==",
      "peer": true,
      "requires": {
        "tslib": "^2.1.0"
      }
    },
    "tslib": {
      "version": "2.5.0",
      "resolved": "https://registry.npmjs.org/tslib/-/tslib-2.5.0.tgz",
      "integrity": "sha512-336iVw3rtn2BUK7ORdIAHTyxHGRIHVReokCR3XjbckJMK7ms8FysBfhLR8IXnAgy7T0PTPNBWKiH514FOW/WSg=="
    },
    "vanillajs-datepicker": {
      "version": "1.3.1",
      "resolved": "https://registry.npmjs.org/vanillajs-datepicker/-/vanillajs-datepicker-1.3.1.tgz",
      "integrity": "sha512-LYYnXXYDw7oqnNbJleLIRXFUjrG2WYOQtU1A2u3FmW3rgzp7lNJ7DGF35CJ3/Dg1OHUh10D9XnJBfSfIKTyeng=="
    },
    "zone.js": {
      "version": "0.12.0",
      "resolved": "https://registry.npmjs.org/zone.js/-/zone.js-0.12.0.tgz",
      "integrity": "sha512-XtC+I5dXU14HrzidAKBNMqneIVUykLEAA1x+v4KVrd6AUPWlwYORF8KgsVqvgdHiKZ4BkxxjvYi/ksEixTPR0Q==",
      "peer": true,
      "requires": {
        "tslib": "^2.3.0"
      }
    }
  }
}
